
Microsoft Visual Studio Solution File, Format Version 12.00
# Visual Studio Version 17
VisualStudioVersion = 17.0.31903.59
MinimumVisualStudioVersion = 10.0.40219.1
Project("{FAE04EC0-301F-11D3-BF4B-00C04F79EFBC}") = "Benday.WithoutTopLevelStatements", "Benday.WithoutTopLevelStatements\Benday.WithoutTopLevelStatements.csproj", "{937662A3-6DD6-43A0-A519-F7A344CED8E7}"
EndProject
Project("{FAE04EC0-301F-11D3-BF4B-00C04F79EFBC}") = "Benday.WithTopLevelStatements", "Benday.WithTopLevelStatements\Benday.WithTopLevelStatements.csproj", "{7CAC4D70-C4BA-49FF-A8D4-FD421BB519E7}"
EndProject
Project("{2150E333-8FDC-42A3-9474-1A3956D46DE8}") = "Solution Items", "Solution Items", "{8EC462FD-D22E-90A8-E5CE-7E832BA40C5D}"
	ProjectSection(SolutionItems) = preProject
		Benday.WithoutTopLevelStatements.il.txt = Benday.WithoutTopLevelStatements.il.txt
		Benday.WithTopLevelStatements.il.txt = Benday.WithTopLevelStatements.il.txt
		README.md = README.md
	EndProjectSection
EndProject
Global
	GlobalSection(SolutionConfigurationPlatforms) = preSolution
		Debug|Any CPU = Debug|Any CPU
		Debug|x64 = Debug|x64
		Debug|x86 = Debug|x86
		Release|Any CPU = Release|Any CPU
		Release|x64 = Release|x64
		Release|x86 = Release|x86
	EndGlobalSection
	GlobalSection(ProjectConfigurationPlatforms) = postSolution
		{937662A3-6DD6-43A0-A519-F7A344CED8E7}.Debug|Any CPU.ActiveCfg = Debug|Any CPU
		{937662A3-6DD6-43A0-A519-F7A344CED8E7}.Debug|Any CPU.Build.0 = Debug|Any CPU
		{937662A3-6DD6-43A0-A519-F7A344CED8E7}.Debug|x64.ActiveCfg = Debug|Any CPU
		{937662A3-6DD6-43A0-A519-F7A344CED8E7}.Debug|x64.Build.0 = Debug|Any CPU
		{937662A3-6DD6-43A0-A519-F7A344CED8E7}.Debug|x86.ActiveCfg = Debug|Any CPU
		{937662A3-6DD6-43A0-A519-F7A344CED8E7}.Debug|x86.Build.0 = Debug|Any CPU
		{937662A3-6DD6-43A0-A519-F7A344CED8E7}.Release|Any CPU.ActiveCfg = Release|Any CPU
		{937662A3-6DD6-43A0-A519-F7A344CED8E7}.Release|Any CPU.Build.0 = Release|Any CPU
		{937662A3-6DD6-43A0-A519-F7A344CED8E7}.Release|x64.ActiveCfg = Release|Any CPU
		{937662A3-6DD6-43A0-A519-F7A344CED8E7}.Release|x64.Build.0 = Release|Any CPU
		{937662A3-6DD6-43A0-A519-F7A344CED8E7}.Release|x86.ActiveCfg = Release|Any CPU
		{937662A3-6DD6-43A0-A519-F7A344CED8E7}.Release|x86.Build.0 = Release|Any CPU
		{7CAC4D70-C4BA-49FF-A8D4-FD421BB519E7}.Debug|Any CPU.ActiveCfg = Debug|Any CPU
		{7CAC4D70-C4BA-49FF-A8D4-FD421BB519E7}.Debug|Any CPU.Build.0 = Debug|Any CPU
		{7CAC4D70-C4BA-49FF-A8D4-FD421BB519E7}.Debug|x64.ActiveCfg = Debug|Any CPU
		{7CAC4D70-C4BA-49FF-A8D4-FD421BB519E7}.Debug|x64.Build.0 = Debug|Any CPU
		{7CAC4D70-C4BA-49FF-A8D4-FD421BB519E7}.Debug|x86.ActiveCfg = Debug|Any CPU
		{7CAC4D70-C4BA-49FF-A8D4-FD421BB519E7}.Debug|x86.Build.0 = Debug|Any CPU
		{7CAC4D70-C4BA-49FF-A8D4-FD421BB519E7}.Release|Any CPU.ActiveCfg = Release|Any CPU
		{7CAC4D70-C4BA-49FF-A8D4-FD421BB519E7}.Release|Any CPU.Build.0 = Release|Any CPU
		{7CAC4D70-C4BA-49FF-A8D4-FD421BB519E7}.Release|x64.ActiveCfg = Release|Any CPU
		{7CAC4D70-C4BA-49FF-A8D4-FD421BB519E7}.Release|x64.Build.0 = Release|Any CPU
		{7CAC4D70-C4BA-49FF-A8D4-FD421BB519E7}.Release|x86.ActiveCfg = Release|Any CPU
		{7CAC4D70-C4BA-49FF-A8D4-FD421BB519E7}.Release|x86.Build.0 = Release|Any CPU
	EndGlobalSection
	GlobalSection(SolutionProperties) = preSolution
		HideSolutionNode = FALSE
	EndGlobalSection
	GlobalSection(ExtensibilityGlobals) = postSolution
		SolutionGuid = {8FB51F68-0108-404B-AF45-5BB5181B4152}
	EndGlobalSection
EndGlobal
